
Microsoft Visual Studio Solution File, Format Version 12.00
# Visual Studio Version 16
VisualStudioVersion = 16.0.29215.179
MinimumVisualStudioVersion = 10.0.40219.1
Project("{FAE04EC0-301F-11D3-BF4B-00C04F79EFBC}") = "EventsApp", "EventsApp.csproj", "{B13C29C6-94C2-4105-BC7A-34F975A012BC}"
EndProject
Global
	GlobalSection(SolutionConfigurationPlatforms) = preSolution
		Debug|Any CPU = Debug|Any CPU
		Release|Any CPU = Release|Any CPU
	EndGlobalSection
	GlobalSection(ProjectConfigurationPlatforms) = postSolution
		{B13C29C6-94C2-4105-BC7A-34F975A012BC}.Debug|Any CPU.ActiveCfg = Debug|Any CPU
		{B13C29C6-94C2-4105-BC7A-34F975A012BC}.Debug|Any CPU.Build.0 = Debug|Any CPU
		{B13C29C6-94C2-4105-BC7A-34F975A012BC}.Release|Any CPU.ActiveCfg = Release|Any CPU
		{B13C29C6-94C2-4105-BC7A-34F975A012BC}.Release|Any CPU.Build.0 = Release|Any CPU
	EndGlobalSection
	GlobalSection(SolutionProperties) = preSolution
		HideSolutionNode = FALSE
	EndGlobalSection
	GlobalSection(ExtensibilityGlobals) = postSolution
		SolutionGuid = {541242FB-9B37-4DDE-BE1A-96F37608C375}
	EndGlobalSection
EndGlobal
